// !$*UTF8*$!
{
	archiveVersion = 1;
	classes = {
	};
	objectVersion = 50;
	objects = {

/* Begin PBXBuildFile section */
		4B1EABB521A086C3008B322D /* AppDelegate.swift in Sources */ = {isa = PBXBuildFile; fileRef = 4B1EABB421A086C3008B322D /* AppDelegate.swift */; };
		4B1EABB721A086C3008B322D /* ViewController.swift in Sources */ = {isa = PBXBuildFile; fileRef = 4B1EABB621A086C3008B322D /* ViewController.swift */; };
		4B1EABBA21A086C3008B322D /* Main.storyboard in Resources */ = {isa = PBXBuildFile; fileRef = 4B1EABB821A086C3008B322D /* Main.storyboard */; };
		4B1EABBC21A086C5008B322D /* Assets.xcassets in Resources */ = {isa = PBXBuildFile; fileRef = 4B1EABBB21A086C5008B322D /* Assets.xcassets */; };
		4B1EABBF21A086C5008B322D /* LaunchScreen.storyboard in Resources */ = {isa = PBXBuildFile; fileRef = 4B1EABBD21A086C5008B322D /* LaunchScreen.storyboard */; };
		4B1EABC821A08718008B322D /* HNTagView.swift in Sources */ = {isa = PBXBuildFile; fileRef = 4B1EABC721A08718008B322D /* HNTagView.swift */; };
/* End PBXBuildFile section */

/* Begin PBXFileReference section */
		4B1EABB121A086C3008B322D /* swift_utilities.app */ = {isa = PBXFileReference; explicitFileType = wrapper.application; includeInIndex = 0; path = swift_utilities.app; sourceTree = BUILT_PRODUCTS_DIR; };
		4B1EABB421A086C3008B322D /* AppDelegate.swift */ = {isa = PBXFileReference; lastKnownFileType = sourcecode.swift; path = AppDelegate.swift; sourceTree = "<group>"; };
		4B1EABB621A086C3008B322D /* ViewController.swift */ = {isa = PBXFileReference; lastKnownFileType = sourcecode.swift; path = ViewController.swift; sourceTree = "<group>"; };
		4B1EABB921A086C3008B322D /* Base */ = {isa = PBXFileReference; lastKnownFileType = file.storyboard; name = Base; path = Base.lproj/Main.storyboard; sourceTree = "<group>"; };
		4B1EABBB21A086C5008B322D /* Assets.xcassets */ = {isa = PBXFileReference; lastKnownFileType = folder.assetcatalog; path = Assets.xcassets; sourceTree = "<group>"; };
		4B1EABBE21A086C5008B322D /* Base */ = {isa = PBXFileReference; lastKnownFileType = file.storyboard; name = Base; path = Base.lproj/LaunchScreen.storyboard; sourceTree = "<group>"; };
		4B1EABC021A086C5008B322D /* Info.plist */ = {isa = PBXFileReference; lastKnownFileType = text.plist.xml; path = Info.plist; sourceTree = "<group>"; };
		4B1EABC721A08718008B322D /* HNTagView.swift */ = {isa = PBXFileReference; lastKnownFileType = sourcecode.swift; path = HNTagView.swift; sourceTree = "<group>"; };
/* End PBXFileReference section */

/* Begin PBXFrameworksBuildPhase section */
		4B1EABAE21A086C3008B322D /* Frameworks */ = {
			isa = PBXFrameworksBuildPhase;
			buildActionMask = 2147483647;
			files = (
			);
			runOnlyForDeploymentPostprocessing = 0;
		};
/* End PBXFrameworksBuildPhase section */

/* Begin PBXGroup section */
		4B1EABA821A086C3008B322D = {
			isa = PBXGroup;
			children = (
				4B1EABB321A086C3008B322D /* swift_utilities */,
				4B1EABB221A086C3008B322D /* Products */,
			);
			sourceTree = "<group>";
		};
		4B1EABB221A086C3008B322D /* Products */ = {
			isa = PBXGroup;
			children = (
				4B1EABB121A086C3008B322D /* swift_utilities.app */,
			);
			name = Products;
			sourceTree = "<group>";
		};
		4B1EABB321A086C3008B322D /* swift_utilities */ = {
			isa = PBXGroup;
			children = (
				4B1EABC621A086E4008B322D /* ViewCustom */,
				4B1EABB421A086C3008B322D /* AppDelegate.swift */,
				4B1EABB621A086C3008B322D /* ViewController.swift */,
				4B1EABB821A086C3008B322D /* Main.storyboard */,
				4B1EABBB21A086C5008B322D /* Assets.xcassets */,
				4B1EABBD21A086C5008B322D /* LaunchScreen.storyboard */,
				4B1EABC021A086C5008B322D /* Info.plist */,
			);
			path = swift_utilities;
			sourceTree = "<group>";
		};
		4B1EABC621A086E4008B322D /* ViewCustom */ = {
			isa = PBXGroup;
			children = (
				4B1EABC721A08718008B322D /* HNTagView.swift */,
			);
			path = ViewCustom;
			sourceTree = "<group>";
		};
/* End PBXGroup section */

/* Begin PBXNativeTarget section */
		4B1EABB021A086C3008B322D /* swift_utilities */ = {
			isa = PBXNativeTarget;
			buildConfigurationList = 4B1EABC321A086C5008B322D /* Build configuration list for PBXNativeTarget "swift_utilities" */;
			buildPhases = (
				4B1EABAD21A086C3008B322D /* Sources */,
				4B1EABAE21A086C3008B322D /* Frameworks */,
				4B1EABAF21A086C3008B322D /* Resources */,
			);
			buildRules = (
			);
			dependencies = (
			);
			name = swift_utilities;
			productName = swift_utilities;
			productReference = 4B1EABB121A086C3008B322D /* swift_utilities.app */;
			productType = "com.apple.product-type.application";
		};
/* End PBXNativeTarget section */

/* Begin PBXProject section */
		4B1EABA921A086C3008B322D /* Project object */ = {
			isa = PBXProject;
			attributes = {
				LastSwiftUpdateCheck = 1010;
				LastUpgradeCheck = 1010;
				ORGANIZATIONNAME = ThanhHai;
				TargetAttributes = {
					4B1EABB021A086C3008B322D = {
						CreatedOnToolsVersion = 10.1;
					};
				};
			};
			buildConfigurationList = 4B1EABAC21A086C3008B322D /* Build configuration list for PBXProject "swift_utilities" */;
			compatibilityVersion = "Xcode 9.3";
			developmentRegion = en;
			hasScannedForEncodings = 0;
			knownRegions = (
				en,
				Base,
			);
			mainGroup = 4B1EABA821A086C3008B322D;
			productRefGroup = 4B1EABB221A086C3008B322D /* Products */;
			projectDirPath = "";
			projectRoot = "";
			targets = (
				4B1EABB021A086C3008B322D /* swift_utilities */,
			);
		};
/* End PBXProject section */

/* Begin PBXResourcesBuildPhase section */
		4B1EABAF21A086C3008B322D /* Resources */ = {
			isa = PBXResourcesBuildPhase;
			buildActionMask = 2147483647;
			files = (
				4B1EABBF21A086C5008B322D /* LaunchScreen.storyboard in Resources */,
				4B1EABBC21A086C5008B322D /* Assets.xcassets in Resources */,
				4B1EABBA21A086C3008B322D /* Main.storyboard in Resources */,
			);
			runOnlyForDeploymentPostprocessing = 0;
		};
/* End PBXResourcesBuildPhase section */

/* Begin PBXSourcesBuildPhase section */
		4B1EABAD21A086C3008B322D /* Sources */ = {
			isa = PBXSourcesBuildPhase;
			buildActionMask = 2147483647;
			files = (
				4B1EABB721A086C3008B322D /* ViewController.swift in Sources */,
				4B1EABB521A086C3008B322D /* AppDelegate.swift in Sources */,
				4B1EABC821A08718008B322D /* HNTagView.swift in Sources */,
			);
			runOnlyForDeploymentPostprocessing = 0;
		};
/* End PBXSourcesBuildPhase section */

/* Begin PBXVariantGroup section */
		4B1EABB821A086C3008B322D /* Main.storyboard */ = {
			isa = PBXVariantGroup;
			children = (
				4B1EABB921A086C3008B322D /* Base */,
			);
			name = Main.storyboard;
			sourceTree = "<group>";
		};
		4B1EABBD21A086C5008B322D /* LaunchScreen.storyboard */ = {
			isa = PBXVariantGroup;
			children = (
				4B1EABBE21A086C5008B322D /* Base */,
			);
			name = LaunchScreen.storyboard;
			sourceTree = "<group>";
		};
/* End PBXVariantGroup section */

/* Begin XCBuildConfiguration section */
		4B1EABC121A086C5008B322D /* Debug */ = {
			isa = XCBuildConfiguration;
			buildSettings = {
				ALWAYS_SEARCH_USER_PATHS = NO;
				CLANG_ANALYZER_NONNULL = YES;
				CLANG_ANALYZER_NUMBER_OBJECT_CONVERSION = YES_AGGRESSIVE;
				CLANG_CXX_LANGUAGE_STANDARD = "gnu++14";
				CLANG_CXX_LIBRARY = "libc++";
				CLANG_ENABLE_MODULES = YES;
				CLANG_ENABLE_OBJC_ARC = YES;
				CLANG_ENABLE_OBJC_WEAK = YES;
				CLANG_WARN_BLOCK_CAPTURE_AUTORELEASING = YES;
				CLANG_WARN_BOOL_CONVERSION = YES;
				CLANG_WARN_COMMA = YES;
				CLANG_WARN_CONSTANT_CONVERSION = YES;
				CLANG_WARN_DEPRECATED_OBJC_IMPLEMENTATIONS = YES;
				CLANG_WARN_DIRECT_OBJC_ISA_USAGE = YES_ERROR;
				CLANG_WARN_DOCUMENTATION_COMMENTS = YES;
				CLANG_WARN_EMPTY_BODY = YES;
				CLANG_WARN_ENUM_CONVERSION = YES;
				CLANG_WARN_INFINITE_RECURSION = YES;
				CLANG_WARN_INT_CONVERSION = YES;
				CLANG_WARN_NON_LITERAL_NULL_CONVERSION = YES;
				CLANG_WARN_OBJC_IMPLICIT_RETAIN_SELF = YES;
				CLANG_WARN_OBJC_LITERAL_CONVERSION = YES;
				CLANG_WARN_OBJC_ROOT_CLASS = YES_ERROR;
				CLANG_WARN_RANGE_LOOP_ANALYSIS = YES;
				CLANG_WARN_STRICT_PROTOTYPES = YES;
				CLANG_WARN_SUSPICIOUS_MOVE = YES;
				CLANG_WARN_UNGUARDED_AVAILABILITY = YES_AGGRESSIVE;
				CLANG_WARN_UNREACHABLE_CODE = YES;
				CLANG_WARN__DUPLICATE_METHOD_MATCH = YES;
				CODE_SIGN_IDENTITY = "iPhone Developer";
				COPY_PHASE_STRIP = NO;
				DEBUG_INFORMATION_FORMAT = dwarf;
				ENABLE_STRICT_OBJC_MSGSEND = YES;
				ENABLE_TESTABILITY = YES;
				GCC_C_LANGUAGE_STANDARD = gnu11;
				GCC_DYNAMIC_NO_PIC = NO;
				GCC_NO_COMMON_BLOCKS = YES;
				GCC_OPTIMIZATION_LEVEL = 0;
				GCC_PREPROCESSOR_DEFINITIONS = (
					"DEBUG=1",
					"$(inherited)",
				);
				GCC_WARN_64_TO_32_BIT_CONVERSION = YES;
				GCC_WARN_ABOUT_RETURN_TYPE = YES_ERROR;
				GCC_WARN_UNDECLARED_SELECTOR = YES;
				GCC_WARN_UNINITIALIZED_AUTOS = YES_AGGRESSIVE;
				GCC_WARN_UNUSED_FUNCTION = YES;
				GCC_WARN_UNUSED_VARIABLE = YES;
				IPHONEOS_DEPLOYMENT_TARGET = 12.1;
				MTL_ENABLE_DEBUG_INFO = INCLUDE_SOURCE;
				MTL_FAST_MATH = YES;
				ONLY_ACTIVE_ARCH = YES;
				SDKROOT = iphoneos;
				SWIFT_ACTIVE_COMPILATION_CONDITIONS = DEBUG;
				SWIFT_OPTIMIZATION_LEVEL = "-Onone";
			};
			name = Debug;
		};
		4B1EABC221A086C5008B322D /* Release */ = {
			isa = XCBuildConfiguration;
			buildSettings = {
				ALWAYS_SEARCH_USER_PATHS = NO;
				CLANG_ANALYZER_NONNULL = YES;
				CLANG_ANALYZER_NUMBER_OBJECT_CONVERSION = YES_AGGRESSIVE;
				CLANG_CXX_LANGUAGE_STANDARD = "gnu++14";
				CLANG_CXX_LIBRARY = "libc++";
				CLANG_ENABLE_MODULES = YES;
				CLANG_ENABLE_OBJC_ARC = YES;
				CLANG_ENABLE_OBJC_WEAK = YES;
				CLANG_WARN_BLOCK_CAPTURE_AUTORELEASING = YES;
				CLANG_WARN_BOOL_CONVERSION = YES;
				CLANG_WARN_COMMA = YES;
				CLANG_WARN_CONSTANT_CONVERSION = YES;
				CLANG_WARN_DEPRECATED_OBJC_IMPLEMENTATIONS = YES;
				CLANG_WARN_DIRECT_OBJC_ISA_USAGE = YES_ERROR;
				CLANG_WARN_DOCUMENTATION_COMMENTS = YES;
				CLANG_WARN_EMPTY_BODY = YES;
				CLANG_WARN_ENUM_CONVERSION = YES;
				CLANG_WARN_INFINITE_RECURSION = YES;
				CLANG_WARN_INT_CONVERSION = YES;
				CLANG_WARN_NON_LITERAL_NULL_CONVERSION = YES;
				CLANG_WARN_OBJC_IMPLICIT_RETAIN_SELF = YES;
				CLANG_WARN_OBJC_LITERAL_CONVERSION = YES;
				CLANG_WARN_OBJC_ROOT_CLASS = YES_ERROR;
				CLANG_WARN_RANGE_LOOP_ANALYSIS = YES;
				CLANG_WARN_STRICT_PROTOTYPES = YES;
				CLANG_WARN_SUSPICIOUS_MOVE = YES;
				CLANG_WARN_UNGUARDED_AVAILABILITY = YES_AGGRESSIVE;
				CLANG_WARN_UNREACHABLE_CODE = YES;
				CLANG_WARN__DUPLICATE_METHOD_MATCH = YES;
				CODE_SIGN_IDENTITY = "iPhone Developer";
				COPY_PHASE_STRIP = NO;
				DEBUG_INFORMATION_FORMAT = "dwarf-with-dsym";
				ENABLE_NS_ASSERTIONS = NO;
				ENABLE_STRICT_OBJC_MSGSEND = YES;
				GCC_C_LANGUAGE_STANDARD = gnu11;
				GCC_NO_COMMON_BLOCKS = YES;
				GCC_WARN_64_TO_32_BIT_CONVERSION = YES;
				GCC_WARN_ABOUT_RETURN_TYPE = YES_ERROR;
				GCC_WARN_UNDECLARED_SELECTOR = YES;
				GCC_WARN_UNINITIALIZED_AUTOS = YES_AGGRESSIVE;
				GCC_WARN_UNUSED_FUNCTION = YES;
				GCC_WARN_UNUSED_VARIABLE = YES;
				IPHONEOS_DEPLOYMENT_TARGET = 12.1;
				MTL_ENABLE_DEBUG_INFO = NO;
				MTL_FAST_MATH = YES;
				SDKROOT = iphoneos;
				SWIFT_COMPILATION_MODE = wholemodule;
				SWIFT_OPTIMIZATION_LEVEL = "-O";
				VALIDATE_PRODUCT = YES;
			};
			name = Release;
		};
		4B1EABC421A086C5008B322D /* Debug */ = {
			isa = XCBuildConfiguration;
			buildSettings = {
				ASSETCATALOG_COMPILER_APPICON_NAME = AppIcon;
				CODE_SIGN_STYLE = Automatic;
				DEVELOPMENT_TEAM = E2N23SQLR3;
				INFOPLIST_FILE = swift_utilities/Info.plist;
				LD_RUNPATH_SEARCH_PATHS = (
					"$(inherited)",
					"@executable_path/Frameworks",
				);
				PRODUCT_BUNDLE_IDENTIFIER = "hai.nguyen.swift-utilities";
				PRODUCT_NAME = "$(TARGET_NAME)";
				SWIFT_VERSION = 4.2;
				TARGETED_DEVICE_FAMILY = "1,2";
			};
			name = Debug;
		};
		4B1EABC521A086C5008B322D /* Release */ = {
			isa = XCBuildConfiguration;
			buildSettings = {
				ASSETCATALOG_COMPILER_APPICON_NAME = AppIcon;
				CODE_SIGN_STYLE = Automatic;
				DEVELOPMENT_TEAM = E2N23SQLR3;
				INFOPLIST_FILE = swift_utilities/Info.plist;
				LD_RUNPATH_SEARCH_PATHS = (
					"$(inherited)",
					"@executable_path/Frameworks",
				);
				PRODUCT_BUNDLE_IDENTIFIER = "hai.nguyen.swift-utilities";
				PRODUCT_NAME = "$(TARGET_NAME)";
				SWIFT_VERSION = 4.2;
				TARGETED_DEVICE_FAMILY = "1,2";
			};
			name = Release;
		};
/* End XCBuildConfiguration section */

/* Begin XCConfigurationList section */
		4B1EABAC21A086C3008B322D /* Build configuration list for PBXProject "swift_utilities" */ = {
			isa = XCConfigurationList;
			buildConfigurations = (
				4B1EABC121A086C5008B322D /* Debug */,
				4B1EABC221A086C5008B322D /* Release */,
			);
			defaultConfigurationIsVisible = 0;
			defaultConfigurationName = Release;
		};
		4B1EABC321A086C5008B322D /* Build configuration list for PBXNativeTarget "swift_utilities" */ = {
			isa = XCConfigurationList;
			buildConfigurations = (
				4B1EABC421A086C5008B322D /* Debug */,
				4B1EABC521A086C5008B322D /* Release */,
			);
			defaultConfigurationIsVisible = 0;
			defaultConfigurationName = Release;
		};
/* End XCConfigurationList section */
	};
	rootObject = 4B1EABA921A086C3008B322D /* Project object */;
}
